// !$*UTF8*$!
{
	archiveVersion = 1;
	classes = {
	};
	objectVersion = 46;
	objects = {

/* Begin PBXBuildFile section */
		291402A417C4605200DC4155 /* Foundation.framework in Frameworks */ = {isa = PBXBuildFile; fileRef = 291402A317C4605200DC4155 /* Foundation.framework */; };
		291402A617C4605200DC4155 /* UIKit.framework in Frameworks */ = {isa = PBXBuildFile; fileRef = 291402A517C4605200DC4155 /* UIKit.framework */; };
		291402AC17C4605200DC4155 /* InfoPlist.strings in Resources */ = {isa = PBXBuildFile; fileRef = 291402AA17C4605200DC4155 /* InfoPlist.strings */; };
		2914030C17C4607A00DC4155 /* ASIAuthenticationDialog.h in Headers */ = {isa = PBXBuildFile; fileRef = 291402B417C4607900DC4155 /* ASIAuthenticationDialog.h */; settings = {ATTRIBUTES = (Public, ); }; };
		2914030D17C4607A00DC4155 /* ASIAuthenticationDialog.m in Sources */ = {isa = PBXBuildFile; fileRef = 291402B517C4607900DC4155 /* ASIAuthenticationDialog.m */; settings = {COMPILER_FLAGS = "-fno-objc-arc"; }; };
		2914030E17C4607A00DC4155 /* ASICacheDelegate.h in Headers */ = {isa = PBXBuildFile; fileRef = 291402B617C4607900DC4155 /* ASICacheDelegate.h */; settings = {ATTRIBUTES = (Public, ); }; };
		2914030F17C4607A00DC4155 /* ASIDataCompressor.h in Headers */ = {isa = PBXBuildFile; fileRef = 291402B717C4607900DC4155 /* ASIDataCompressor.h */; settings = {ATTRIBUTES = (Public, ); }; };
		2914031017C4607A00DC4155 /* ASIDataCompressor.m in Sources */ = {isa = PBXBuildFile; fileRef = 291402B817C4607900DC4155 /* ASIDataCompressor.m */; settings = {COMPILER_FLAGS = "-fno-objc-arc"; }; };
		2914031117C4607A00DC4155 /* ASIDataDecompressor.h in Headers */ = {isa = PBXBuildFile; fileRef = 291402B917C4607900DC4155 /* ASIDataDecompressor.h */; settings = {ATTRIBUTES = (Public, ); }; };
		2914031217C4607A00DC4155 /* ASIDataDecompressor.m in Sources */ = {isa = PBXBuildFile; fileRef = 291402BA17C4607900DC4155 /* ASIDataDecompressor.m */; settings = {COMPILER_FLAGS = "-fno-objc-arc"; }; };
		2914031317C4607A00DC4155 /* ASIDownloadCache.h in Headers */ = {isa = PBXBuildFile; fileRef = 291402BB17C4607900DC4155 /* ASIDownloadCache.h */; settings = {ATTRIBUTES = (Public, ); }; };
		2914031417C4607A00DC4155 /* ASIDownloadCache.m in Sources */ = {isa = PBXBuildFile; fileRef = 291402BC17C4607900DC4155 /* ASIDownloadCache.m */; settings = {COMPILER_FLAGS = "-fno-objc-arc"; }; };
		2914031517C4607A00DC4155 /* ASIFormDataRequest.h in Headers */ = {isa = PBXBuildFile; fileRef = 291402BD17C4607900DC4155 /* ASIFormDataRequest.h */; settings = {ATTRIBUTES = (Public, ); }; };
		2914031617C4607A00DC4155 /* ASIFormDataRequest.m in Sources */ = {isa = PBXBuildFile; fileRef = 291402BE17C4607900DC4155 /* ASIFormDataRequest.m */; settings = {COMPILER_FLAGS = "-fno-objc-arc"; }; };
		2914031717C4607A00DC4155 /* ASIHTTPRequest.h in Headers */ = {isa = PBXBuildFile; fileRef = 291402BF17C4607900DC4155 /* ASIHTTPRequest.h */; settings = {ATTRIBUTES = (Public, ); }; };
		2914031817C4607A00DC4155 /* ASIHTTPRequest.m in Sources */ = {isa = PBXBuildFile; fileRef = 291402C017C4607900DC4155 /* ASIHTTPRequest.m */; settings = {COMPILER_FLAGS = "-fno-objc-arc"; }; };
		2914031917C4607A00DC4155 /* ASIHTTPRequestConfig.h in Headers */ = {isa = PBXBuildFile; fileRef = 291402C117C4607900DC4155 /* ASIHTTPRequestConfig.h */; settings = {ATTRIBUTES = (Public, ); }; };
		2914031A17C4607A00DC4155 /* ASIHTTPRequestDelegate.h in Headers */ = {isa = PBXBuildFile; fileRef = 291402C217C4607900DC4155 /* ASIHTTPRequestDelegate.h */; settings = {ATTRIBUTES = (Public, ); }; };
		2914031B17C4607A00DC4155 /* ASIInputStream.h in Headers */ = {isa = PBXBuildFile; fileRef = 291402C317C4607900DC4155 /* ASIInputStream.h */; settings = {ATTRIBUTES = (Public, ); }; };
		2914031C17C4607A00DC4155 /* ASIInputStream.m in Sources */ = {isa = PBXBuildFile; fileRef = 291402C417C4607900DC4155 /* ASIInputStream.m */; settings = {COMPILER_FLAGS = "-fno-objc-arc"; }; };
		2914031D17C4607A00DC4155 /* ASINetworkQueue.h in Headers */ = {isa = PBXBuildFile; fileRef = 291402C517C4607900DC4155 /* ASINetworkQueue.h */; settings = {ATTRIBUTES = (Public, ); }; };
		2914031E17C4607A00DC4155 /* ASINetworkQueue.m in Sources */ = {isa = PBXBuildFile; fileRef = 291402C617C4607900DC4155 /* ASINetworkQueue.m */; settings = {COMPILER_FLAGS = "-fno-objc-arc"; }; };
		2914031F17C4607A00DC4155 /* ASIProgressDelegate.h in Headers */ = {isa = PBXBuildFile; fileRef = 291402C717C4607900DC4155 /* ASIProgressDelegate.h */; settings = {ATTRIBUTES = (Public, ); }; };
		2914032017C4607A00DC4155 /* ASIWebPageRequest.h in Headers */ = {isa = PBXBuildFile; fileRef = 291402C917C4607A00DC4155 /* ASIWebPageRequest.h */; settings = {ATTRIBUTES = (Public, ); }; };
		2914032117C4607A00DC4155 /* ASIWebPageRequest.m in Sources */ = {isa = PBXBuildFile; fileRef = 291402CA17C4607A00DC4155 /* ASIWebPageRequest.m */; settings = {COMPILER_FLAGS = "-fno-objc-arc"; }; };
		2914032217C4607A00DC4155 /* ASICloudFilesCDNRequest.h in Headers */ = {isa = PBXBuildFile; fileRef = 291402CC17C4607A00DC4155 /* ASICloudFilesCDNRequest.h */; settings = {ATTRIBUTES = (Public, ); }; };
		2914032317C4607A00DC4155 /* ASICloudFilesCDNRequest.m in Sources */ = {isa = PBXBuildFile; fileRef = 291402CD17C4607A00DC4155 /* ASICloudFilesCDNRequest.m */; settings = {COMPILER_FLAGS = "-fno-objc-arc"; }; };
		2914032417C4607A00DC4155 /* ASICloudFilesContainer.h in Headers */ = {isa = PBXBuildFile; fileRef = 291402CE17C4607A00DC4155 /* ASICloudFilesContainer.h */; settings = {ATTRIBUTES = (Public, ); }; };
		2914032517C4607A00DC4155 /* ASICloudFilesContainer.m in Sources */ = {isa = PBXBuildFile; fileRef = 291402CF17C4607A00DC4155 /* ASICloudFilesContainer.m */; settings = {COMPILER_FLAGS = "-fno-objc-arc"; }; };
		2914032617C4607A00DC4155 /* ASICloudFilesContainerRequest.h in Headers */ = {isa = PBXBuildFile; fileRef = 291402D017C4607A00DC4155 /* ASICloudFilesContainerRequest.h */; settings = {ATTRIBUTES = (Public, ); }; };
		2914032717C4607A00DC4155 /* ASICloudFilesContainerRequest.m in Sources */ = {isa = PBXBuildFile; fileRef = 291402D117C4607A00DC4155 /* ASICloudFilesContainerRequest.m */; settings = {COMPILER_FLAGS = "-fno-objc-arc"; }; };
		2914032817C4607A00DC4155 /* ASICloudFilesContainerXMLParserDelegate.h in Headers */ = {isa = PBXBuildFile; fileRef = 291402D217C4607A00DC4155 /* ASICloudFilesContainerXMLParserDelegate.h */; settings = {ATTRIBUTES = (Public, ); }; };
		2914032917C4607A00DC4155 /* ASICloudFilesContainerXMLParserDelegate.m in Sources */ = {isa = PBXBuildFile; fileRef = 291402D317C4607A00DC4155 /* ASICloudFilesContainerXMLParserDelegate.m */; settings = {COMPILER_FLAGS = "-fno-objc-arc"; }; };
		2914032A17C4607A00DC4155 /* ASICloudFilesObject.h in Headers */ = {isa = PBXBuildFile; fileRef = 291402D417C4607A00DC4155 /* ASICloudFilesObject.h */; settings = {ATTRIBUTES = (Public, ); }; };
		2914032B17C4607A00DC4155 /* ASICloudFilesObject.m in Sources */ = {isa = PBXBuildFile; fileRef = 291402D517C4607A00DC4155 /* ASICloudFilesObject.m */; settings = {COMPILER_FLAGS = "-fno-objc-arc"; }; };
		2914032C17C4607A00DC4155 /* ASICloudFilesObjectRequest.h in Headers */ = {isa = PBXBuildFile; fileRef = 291402D617C4607A00DC4155 /* ASICloudFilesObjectRequest.h */; settings = {ATTRIBUTES = (Public, ); }; };
		2914032D17C4607A00DC4155 /* ASICloudFilesObjectRequest.m in Sources */ = {isa = PBXBuildFile; fileRef = 291402D717C4607A00DC4155 /* ASICloudFilesObjectRequest.m */; settings = {COMPILER_FLAGS = "-fno-objc-arc"; }; };
		2914032E17C4607A00DC4155 /* ASICloudFilesRequest.h in Headers */ = {isa = PBXBuildFile; fileRef = 291402D817C4607A00DC4155 /* ASICloudFilesRequest.h */; settings = {ATTRIBUTES = (Public, ); }; };
		2914032F17C4607A00DC4155 /* ASICloudFilesRequest.m in Sources */ = {isa = PBXBuildFile; fileRef = 291402D917C4607A00DC4155 /* ASICloudFilesRequest.m */; settings = {COMPILER_FLAGS = "-fno-objc-arc"; }; };
		2914033017C4607A00DC4155 /* ASINSXMLParserCompat.h in Headers */ = {isa = PBXBuildFile; fileRef = 291402DB17C4607A00DC4155 /* ASINSXMLParserCompat.h */; settings = {ATTRIBUTES = (Public, ); }; };
		2914033117C4607A00DC4155 /* ASIS3Bucket.h in Headers */ = {isa = PBXBuildFile; fileRef = 291402DC17C4607A00DC4155 /* ASIS3Bucket.h */; settings = {ATTRIBUTES = (Public, ); }; };
		2914033217C4607A00DC4155 /* ASIS3Bucket.m in Sources */ = {isa = PBXBuildFile; fileRef = 291402DD17C4607A00DC4155 /* ASIS3Bucket.m */; settings = {COMPILER_FLAGS = "-fno-objc-arc"; }; };
		2914033317C4607A00DC4155 /* ASIS3BucketObject.h in Headers */ = {isa = PBXBuildFile; fileRef = 291402DE17C4607A00DC4155 /* ASIS3BucketObject.h */; settings = {ATTRIBUTES = (Public, ); }; };
		2914033417C4607A00DC4155 /* ASIS3BucketObject.m in Sources */ = {isa = PBXBuildFile; fileRef = 291402DF17C4607A00DC4155 /* ASIS3BucketObject.m */; settings = {COMPILER_FLAGS = "-fno-objc-arc"; }; };
		2914033517C4607A00DC4155 /* ASIS3BucketRequest.h in Headers */ = {isa = PBXBuildFile; fileRef = 291402E017C4607A00DC4155 /* ASIS3BucketRequest.h */; settings = {ATTRIBUTES = (Public, ); }; };
		2914033617C4607A00DC4155 /* ASIS3BucketRequest.m in Sources */ = {isa = PBXBuildFile; fileRef = 291402E117C4607A00DC4155 /* ASIS3BucketRequest.m */; settings = {COMPILER_FLAGS = "-fno-objc-arc"; }; };
		2914033717C4607A00DC4155 /* ASIS3ObjectRequest.h in Headers */ = {isa = PBXBuildFile; fileRef = 291402E217C4607A00DC4155 /* ASIS3ObjectRequest.h */; settings = {ATTRIBUTES = (Public, ); }; };
		2914033817C4607A00DC4155 /* ASIS3ObjectRequest.m in Sources */ = {isa = PBXBuildFile; fileRef = 291402E317C4607A00DC4155 /* ASIS3ObjectRequest.m */; settings = {COMPILER_FLAGS = "-fno-objc-arc"; }; };
		2914033917C4607A00DC4155 /* ASIS3Request.h in Headers */ = {isa = PBXBuildFile; fileRef = 291402E417C4607A00DC4155 /* ASIS3Request.h */; settings = {ATTRIBUTES = (Public, ); }; };
		2914033A17C4607A00DC4155 /* ASIS3Request.m in Sources */ = {isa = PBXBuildFile; fileRef = 291402E517C4607A00DC4155 /* ASIS3Request.m */; settings = {COMPILER_FLAGS = "-fno-objc-arc"; }; };
		2914033B17C4607A00DC4155 /* ASIS3ServiceRequest.h in Headers */ = {isa = PBXBuildFile; fileRef = 291402E617C4607A00DC4155 /* ASIS3ServiceRequest.h */; settings = {ATTRIBUTES = (Public, ); }; };
		2914033C17C4607A00DC4155 /* ASIS3ServiceRequest.m in Sources */ = {isa = PBXBuildFile; fileRef = 291402E717C4607A00DC4155 /* ASIS3ServiceRequest.m */; settings = {COMPILER_FLAGS = "-fno-objc-arc"; }; };
		2914035A17C4607A00DC4155 /* README-GHUnit in Resources */ = {isa = PBXBuildFile; fileRef = 2914030817C4607A00DC4155 /* README-GHUnit */; };
		2914035B17C4607A00DC4155 /* Reachability.h in Headers */ = {isa = PBXBuildFile; fileRef = 2914030A17C4607A00DC4155 /* Reachability.h */; settings = {ATTRIBUTES = (Public, ); }; };
		2914035C17C4607A00DC4155 /* Reachability.m in Sources */ = {isa = PBXBuildFile; fileRef = 2914030B17C4607A00DC4155 /* Reachability.m */; settings = {COMPILER_FLAGS = "-fno-objc-arc"; }; };
		2970EADD17C462EB00C87640 /* CFNetwork.framework in Frameworks */ = {isa = PBXBuildFile; fileRef = 2970EAD717C462EB00C87640 /* CFNetwork.framework */; };
		2970EADE17C462EB00C87640 /* libxml2.dylib in Frameworks */ = {isa = PBXBuildFile; fileRef = 2970EAD817C462EB00C87640 /* libxml2.dylib */; };
		2970EAE017C462EB00C87640 /* MobileCoreServices.framework in Frameworks */ = {isa = PBXBuildFile; fileRef = 2970EADA17C462EB00C87640 /* MobileCoreServices.framework */; };
		2970EAE117C462EB00C87640 /* Security.framework in Frameworks */ = {isa = PBXBuildFile; fileRef = 2970EADB17C462EB00C87640 /* Security.framework */; };
		2970EAE217C462EB00C87640 /* SystemConfiguration.framework in Frameworks */ = {isa = PBXBuildFile; fileRef = 2970EADC17C462EB00C87640 /* SystemConfiguration.framework */; };
		2970EAE817C4656E00C87640 /* libz.dylib in Frameworks */ = {isa = PBXBuildFile; fileRef = 2970EAE717C4656E00C87640 /* libz.dylib */; };
/* End PBXBuildFile section */

/* Begin PBXFileReference section */
		291402A017C4605200DC4155 /* ASIHTTPRequest.framework */ = {isa = PBXFileReference; explicitFileType = wrapper.cfbundle; includeInIndex = 0; path = ASIHTTPRequest.framework; sourceTree = BUILT_PRODUCTS_DIR; };
		291402A317C4605200DC4155 /* Foundation.framework */ = {isa = PBXFileReference; lastKnownFileType = wrapper.framework; name = Foundation.framework; path = System/Library/Frameworks/Foundation.framework; sourceTree = SDKROOT; };
		291402A517C4605200DC4155 /* UIKit.framework */ = {isa = PBXFileReference; lastKnownFileType = wrapper.framework; name = UIKit.framework; path = System/Library/Frameworks/UIKit.framework; sourceTree = SDKROOT; };
		291402A917C4605200DC4155 /* ASIHTTPRequest-Info.plist */ = {isa = PBXFileReference; lastKnownFileType = text.plist.xml; path = "ASIHTTPRequest-Info.plist"; sourceTree = "<group>"; };
		291402AB17C4605200DC4155 /* en */ = {isa = PBXFileReference; lastKnownFileType = text.plist.strings; name = en; path = en.lproj/InfoPlist.strings; sourceTree = "<group>"; };
		291402AD17C4605200DC4155 /* ASIHTTPRequest-Prefix.pch */ = {isa = PBXFileReference; lastKnownFileType = sourcecode.c.h; path = "ASIHTTPRequest-Prefix.pch"; sourceTree = "<group>"; };
		291402B417C4607900DC4155 /* ASIAuthenticationDialog.h */ = {isa = PBXFileReference; fileEncoding = 4; lastKnownFileType = sourcecode.c.h; path = ASIAuthenticationDialog.h; sourceTree = "<group>"; };
		291402B517C4607900DC4155 /* ASIAuthenticationDialog.m */ = {isa = PBXFileReference; fileEncoding = 4; lastKnownFileType = sourcecode.c.objc; path = ASIAuthenticationDialog.m; sourceTree = "<group>"; };
		291402B617C4607900DC4155 /* ASICacheDelegate.h */ = {isa = PBXFileReference; fileEncoding = 4; lastKnownFileType = sourcecode.c.h; path = ASICacheDelegate.h; sourceTree = "<group>"; };
		291402B717C4607900DC4155 /* ASIDataCompressor.h */ = {isa = PBXFileReference; fileEncoding = 4; lastKnownFileType = sourcecode.c.h; path = ASIDataCompressor.h; sourceTree = "<group>"; };
		291402B817C4607900DC4155 /* ASIDataCompressor.m */ = {isa = PBXFileReference; fileEncoding = 4; lastKnownFileType = sourcecode.c.objc; path = ASIDataCompressor.m; sourceTree = "<group>"; };
		291402B917C4607900DC4155 /* ASIDataDecompressor.h */ = {isa = PBXFileReference; fileEncoding = 4; lastKnownFileType = sourcecode.c.h; path = ASIDataDecompressor.h; sourceTree = "<group>"; };
		291402BA17C4607900DC4155 /* ASIDataDecompressor.m */ = {isa = PBXFileReference; fileEncoding = 4; lastKnownFileType = sourcecode.c.objc; path = ASIDataDecompressor.m; sourceTree = "<group>"; };
		291402BB17C4607900DC4155 /* ASIDownloadCache.h */ = {isa = PBXFileReference; fileEncoding = 4; lastKnownFileType = sourcecode.c.h; path = ASIDownloadCache.h; sourceTree = "<group>"; };
		291402BC17C4607900DC4155 /* ASIDownloadCache.m */ = {isa = PBXFileReference; fileEncoding = 4; lastKnownFileType = sourcecode.c.objc; path = ASIDownloadCache.m; sourceTree = "<group>"; };
		291402BD17C4607900DC4155 /* ASIFormDataRequest.h */ = {isa = PBXFileReference; fileEncoding = 4; lastKnownFileType = sourcecode.c.h; path = ASIFormDataRequest.h; sourceTree = "<group>"; };
		291402BE17C4607900DC4155 /* ASIFormDataRequest.m */ = {isa = PBXFileReference; fileEncoding = 4; lastKnownFileType = sourcecode.c.objc; path = ASIFormDataRequest.m; sourceTree = "<group>"; };
		291402BF17C4607900DC4155 /* ASIHTTPRequest.h */ = {isa = PBXFileReference; fileEncoding = 4; lastKnownFileType = sourcecode.c.h; path = ASIHTTPRequest.h; sourceTree = "<group>"; };
		291402C017C4607900DC4155 /* ASIHTTPRequest.m */ = {isa = PBXFileReference; fileEncoding = 4; lastKnownFileType = sourcecode.c.objc; path = ASIHTTPRequest.m; sourceTree = "<group>"; };
		291402C117C4607900DC4155 /* ASIHTTPRequestConfig.h */ = {isa = PBXFileReference; fileEncoding = 4; lastKnownFileType = sourcecode.c.h; path = ASIHTTPRequestConfig.h; sourceTree = "<group>"; };
		291402C217C4607900DC4155 /* ASIHTTPRequestDelegate.h */ = {isa = PBXFileReference; fileEncoding = 4; lastKnownFileType = sourcecode.c.h; path = ASIHTTPRequestDelegate.h; sourceTree = "<group>"; };
		291402C317C4607900DC4155 /* ASIInputStream.h */ = {isa = PBXFileReference; fileEncoding = 4; lastKnownFileType = sourcecode.c.h; path = ASIInputStream.h; sourceTree = "<group>"; };
		291402C417C4607900DC4155 /* ASIInputStream.m */ = {isa = PBXFileReference; fileEncoding = 4; lastKnownFileType = sourcecode.c.objc; path = ASIInputStream.m; sourceTree = "<group>"; };
		291402C517C4607900DC4155 /* ASINetworkQueue.h */ = {isa = PBXFileReference; fileEncoding = 4; lastKnownFileType = sourcecode.c.h; path = ASINetworkQueue.h; sourceTree = "<group>"; };
		291402C617C4607900DC4155 /* ASINetworkQueue.m */ = {isa = PBXFileReference; fileEncoding = 4; lastKnownFileType = sourcecode.c.objc; path = ASINetworkQueue.m; sourceTree = "<group>"; };
		291402C717C4607900DC4155 /* ASIProgressDelegate.h */ = {isa = PBXFileReference; fileEncoding = 4; lastKnownFileType = sourcecode.c.h; path = ASIProgressDelegate.h; sourceTree = "<group>"; };
		291402C917C4607A00DC4155 /* ASIWebPageRequest.h */ = {isa = PBXFileReference; fileEncoding = 4; lastKnownFileType = sourcecode.c.h; path = ASIWebPageRequest.h; sourceTree = "<group>"; };
		291402CA17C4607A00DC4155 /* ASIWebPageRequest.m */ = {isa = PBXFileReference; fileEncoding = 4; lastKnownFileType = sourcecode.c.objc; path = ASIWebPageRequest.m; sourceTree = "<group>"; };
		291402CC17C4607A00DC4155 /* ASICloudFilesCDNRequest.h */ = {isa = PBXFileReference; fileEncoding = 4; lastKnownFileType = sourcecode.c.h; path = ASICloudFilesCDNRequest.h; sourceTree = "<group>"; };
		291402CD17C4607A00DC4155 /* ASICloudFilesCDNRequest.m */ = {isa = PBXFileReference; fileEncoding = 4; lastKnownFileType = sourcecode.c.objc; path = ASICloudFilesCDNRequest.m; sourceTree = "<group>"; };
		291402CE17C4607A00DC4155 /* ASICloudFilesContainer.h */ = {isa = PBXFileReference; fileEncoding = 4; lastKnownFileType = sourcecode.c.h; path = ASICloudFilesContainer.h; sourceTree = "<group>"; };
		291402CF17C4607A00DC4155 /* ASICloudFilesContainer.m */ = {isa = PBXFileReference; fileEncoding = 4; lastKnownFileType = sourcecode.c.objc; path = ASICloudFilesContainer.m; sourceTree = "<group>"; };
		291402D017C4607A00DC4155 /* ASICloudFilesContainerRequest.h */ = {isa = PBXFileReference; fileEncoding = 4; lastKnownFileType = sourcecode.c.h; path = ASICloudFilesContainerRequest.h; sourceTree = "<group>"; };
		291402D117C4607A00DC4155 /* ASICloudFilesContainerRequest.m */ = {isa = PBXFileReference; fileEncoding = 4; lastKnownFileType = sourcecode.c.objc; path = ASICloudFilesContainerRequest.m; sourceTree = "<group>"; };
		291402D217C4607A00DC4155 /* ASICloudFilesContainerXMLParserDelegate.h */ = {isa = PBXFileReference; fileEncoding = 4; lastKnownFileType = sourcecode.c.h; path = ASICloudFilesContainerXMLParserDelegate.h; sourceTree = "<group>"; };
		291402D317C4607A00DC4155 /* ASICloudFilesContainerXMLParserDelegate.m */ = {isa = PBXFileReference; fileEncoding = 4; lastKnownFileType = sourcecode.c.objc; path = ASICloudFilesContainerXMLParserDelegate.m; sourceTree = "<group>"; };
		291402D417C4607A00DC4155 /* ASICloudFilesObject.h */ = {isa = PBXFileReference; fileEncoding = 4; lastKnownFileType = sourcecode.c.h; path = ASICloudFilesObject.h; sourceTree = "<group>"; };
		291402D517C4607A00DC4155 /* ASICloudFilesObject.m */ = {isa = PBXFileReference; fileEncoding = 4; lastKnownFileType = sourcecode.c.objc; path = ASICloudFilesObject.m; sourceTree = "<group>"; };
		291402D617C4607A00DC4155 /* ASICloudFilesObjectRequest.h */ = {isa = PBXFileReference; fileEncoding = 4; lastKnownFileType = sourcecode.c.h; path = ASICloudFilesObjectRequest.h; sourceTree = "<group>"; };
		291402D717C4607A00DC4155 /* ASICloudFilesObjectRequest.m */ = {isa = PBXFileReference; fileEncoding = 4; lastKnownFileType = sourcecode.c.objc; path = ASICloudFilesObjectRequest.m; sourceTree = "<group>"; };
		291402D817C4607A00DC4155 /* ASICloudFilesRequest.h */ = {isa = PBXFileReference; fileEncoding = 4; lastKnownFileType = sourcecode.c.h; path = ASICloudFilesRequest.h; sourceTree = "<group>"; };
		291402D917C4607A00DC4155 /* ASICloudFilesRequest.m */ = {isa = PBXFileReference; fileEncoding = 4; lastKnownFileType = sourcecode.c.objc; path = ASICloudFilesRequest.m; sourceTree = "<group>"; };
		291402DB17C4607A00DC4155 /* ASINSXMLParserCompat.h */ = {isa = PBXFileReference; fileEncoding = 4; lastKnownFileType = sourcecode.c.h; path = ASINSXMLParserCompat.h; sourceTree = "<group>"; };
		291402DC17C4607A00DC4155 /* ASIS3Bucket.h */ = {isa = PBXFileReference; fileEncoding = 4; lastKnownFileType = sourcecode.c.h; path = ASIS3Bucket.h; sourceTree = "<group>"; };
		291402DD17C4607A00DC4155 /* ASIS3Bucket.m */ = {isa = PBXFileReference; fileEncoding = 4; lastKnownFileType = sourcecode.c.objc; path = ASIS3Bucket.m; sourceTree = "<group>"; };
		291402DE17C4607A00DC4155 /* ASIS3BucketObject.h */ = {isa = PBXFileReference; fileEncoding = 4; lastKnownFileType = sourcecode.c.h; path = ASIS3BucketObject.h; sourceTree = "<group>"; };
		291402DF17C4607A00DC4155 /* ASIS3BucketObject.m */ = {isa = PBXFileReference; fileEncoding = 4; lastKnownFileType = sourcecode.c.objc; path = ASIS3BucketObject.m; sourceTree = "<group>"; };
		291402E017C4607A00DC4155 /* ASIS3BucketRequest.h */ = {isa = PBXFileReference; fileEncoding = 4; lastKnownFileType = sourcecode.c.h; path = ASIS3BucketRequest.h; sourceTree = "<group>"; };
		291402E117C4607A00DC4155 /* ASIS3BucketRequest.m */ = {isa = PBXFileReference; fileEncoding = 4; lastKnownFileType = sourcecode.c.objc; path = ASIS3BucketRequest.m; sourceTree = "<group>"; };
		291402E217C4607A00DC4155 /* ASIS3ObjectRequest.h */ = {isa = PBXFileReference; fileEncoding = 4; lastKnownFileType = sourcecode.c.h; path = ASIS3ObjectRequest.h; sourceTree = "<group>"; };
		291402E317C4607A00DC4155 /* ASIS3ObjectRequest.m */ = {isa = PBXFileReference; fileEncoding = 4; lastKnownFileType = sourcecode.c.objc; path = ASIS3ObjectRequest.m; sourceTree = "<group>"; };
		291402E417C4607A00DC4155 /* ASIS3Request.h */ = {isa = PBXFileReference; fileEncoding = 4; lastKnownFileType = sourcecode.c.h; path = ASIS3Request.h; sourceTree = "<group>"; };
		291402E517C4607A00DC4155 /* ASIS3Request.m */ = {isa = PBXFileReference; fileEncoding = 4; lastKnownFileType = sourcecode.c.objc; path = ASIS3Request.m; sourceTree = "<group>"; };
		291402E617C4607A00DC4155 /* ASIS3ServiceRequest.h */ = {isa = PBXFileReference; fileEncoding = 4; lastKnownFileType = sourcecode.c.h; path = ASIS3ServiceRequest.h; sourceTree = "<group>"; };
		291402E717C4607A00DC4155 /* ASIS3ServiceRequest.m */ = {isa = PBXFileReference; fileEncoding = 4; lastKnownFileType = sourcecode.c.objc; path = ASIS3ServiceRequest.m; sourceTree = "<group>"; };
		2914030817C4607A00DC4155 /* README-GHUnit */ = {isa = PBXFileReference; fileEncoding = 4; lastKnownFileType = text; path = "README-GHUnit"; sourceTree = "<group>"; };
		2914030A17C4607A00DC4155 /* Reachability.h */ = {isa = PBXFileReference; fileEncoding = 4; lastKnownFileType = sourcecode.c.h; path = Reachability.h; sourceTree = "<group>"; };
		2914030B17C4607A00DC4155 /* Reachability.m */ = {isa = PBXFileReference; fileEncoding = 4; lastKnownFileType = sourcecode.c.objc; path = Reachability.m; sourceTree = "<group>"; };
		2970EAD717C462EB00C87640 /* CFNetwork.framework */ = {isa = PBXFileReference; lastKnownFileType = wrapper.framework; name = CFNetwork.framework; path = System/Library/Frameworks/CFNetwork.framework; sourceTree = SDKROOT; };
		2970EAD817C462EB00C87640 /* libxml2.dylib */ = {isa = PBXFileReference; lastKnownFileType = "compiled.mach-o.dylib"; name = libxml2.dylib; path = usr/lib/libxml2.dylib; sourceTree = SDKROOT; };
		2970EADA17C462EB00C87640 /* MobileCoreServices.framework */ = {isa = PBXFileReference; lastKnownFileType = wrapper.framework; name = MobileCoreServices.framework; path = System/Library/Frameworks/MobileCoreServices.framework; sourceTree = SDKROOT; };
		2970EADB17C462EB00C87640 /* Security.framework */ = {isa = PBXFileReference; lastKnownFileType = wrapper.framework; name = Security.framework; path = System/Library/Frameworks/Security.framework; sourceTree = SDKROOT; };
		2970EADC17C462EB00C87640 /* SystemConfiguration.framework */ = {isa = PBXFileReference; lastKnownFileType = wrapper.framework; name = SystemConfiguration.framework; path = System/Library/Frameworks/SystemConfiguration.framework; sourceTree = SDKROOT; };
		2970EAE717C4656E00C87640 /* libz.dylib */ = {isa = PBXFileReference; lastKnownFileType = "compiled.mach-o.dylib"; name = libz.dylib; path = usr/lib/libz.dylib; sourceTree = SDKROOT; };
/* End PBXFileReference section */

/* Begin PBXFrameworksBuildPhase section */
		2914029C17C4605200DC4155 /* Frameworks */ = {
			isa = PBXFrameworksBuildPhase;
			buildActionMask = 2147483647;
			files = (
				2970EAE817C4656E00C87640 /* libz.dylib in Frameworks */,
				2970EADD17C462EB00C87640 /* CFNetwork.framework in Frameworks */,
				2970EADE17C462EB00C87640 /* libxml2.dylib in Frameworks */,
				2970EAE017C462EB00C87640 /* MobileCoreServices.framework in Frameworks */,
				2970EAE117C462EB00C87640 /* Security.framework in Frameworks */,
				2970EAE217C462EB00C87640 /* SystemConfiguration.framework in Frameworks */,
				291402A417C4605200DC4155 /* Foundation.framework in Frameworks */,
				291402A617C4605200DC4155 /* UIKit.framework in Frameworks */,
			);
			runOnlyForDeploymentPostprocessing = 0;
		};
/* End PBXFrameworksBuildPhase section */

/* Begin PBXGroup section */
		2914029617C4605200DC4155 = {
			isa = PBXGroup;
			children = (
				291402A717C4605200DC4155 /* ASIHTTPRequest */,
				291402A217C4605200DC4155 /* Frameworks */,
				291402A117C4605200DC4155 /* Products */,
			);
			sourceTree = "<group>";
		};
		291402A117C4605200DC4155 /* Products */ = {
			isa = PBXGroup;
			children = (
				291402A017C4605200DC4155 /* ASIHTTPRequest.framework */,
			);
			name = Products;
			sourceTree = "<group>";
		};
		291402A217C4605200DC4155 /* Frameworks */ = {
			isa = PBXGroup;
			children = (
				2970EAD717C462EB00C87640 /* CFNetwork.framework */,
				2970EAD817C462EB00C87640 /* libxml2.dylib */,
				2970EAE717C4656E00C87640 /* libz.dylib */,
				2970EADA17C462EB00C87640 /* MobileCoreServices.framework */,
				2970EADB17C462EB00C87640 /* Security.framework */,
				2970EADC17C462EB00C87640 /* SystemConfiguration.framework */,
				291402A317C4605200DC4155 /* Foundation.framework */,
				291402A517C4605200DC4155 /* UIKit.framework */,
			);
			name = Frameworks;
			sourceTree = "<group>";
		};
		291402A717C4605200DC4155 /* ASIHTTPRequest */ = {
			isa = PBXGroup;
			children = (
				291402B317C4607900DC4155 /* Classes */,
				2914030617C4607A00DC4155 /* External */,
				291402A817C4605200DC4155 /* Supporting Files */,
			);
			path = ASIHTTPRequest;
			sourceTree = "<group>";
		};
		291402A817C4605200DC4155 /* Supporting Files */ = {
			isa = PBXGroup;
			children = (
				291402A917C4605200DC4155 /* ASIHTTPRequest-Info.plist */,
				291402AA17C4605200DC4155 /* InfoPlist.strings */,
				291402AD17C4605200DC4155 /* ASIHTTPRequest-Prefix.pch */,
			);
			name = "Supporting Files";
			sourceTree = "<group>";
		};
		291402B317C4607900DC4155 /* Classes */ = {
			isa = PBXGroup;
			children = (
				291402B417C4607900DC4155 /* ASIAuthenticationDialog.h */,
				291402B517C4607900DC4155 /* ASIAuthenticationDialog.m */,
				291402B617C4607900DC4155 /* ASICacheDelegate.h */,
				291402B717C4607900DC4155 /* ASIDataCompressor.h */,
				291402B817C4607900DC4155 /* ASIDataCompressor.m */,
				291402B917C4607900DC4155 /* ASIDataDecompressor.h */,
				291402BA17C4607900DC4155 /* ASIDataDecompressor.m */,
				291402BB17C4607900DC4155 /* ASIDownloadCache.h */,
				291402BC17C4607900DC4155 /* ASIDownloadCache.m */,
				291402BD17C4607900DC4155 /* ASIFormDataRequest.h */,
				291402BE17C4607900DC4155 /* ASIFormDataRequest.m */,
				291402BF17C4607900DC4155 /* ASIHTTPRequest.h */,
				291402C017C4607900DC4155 /* ASIHTTPRequest.m */,
				291402C117C4607900DC4155 /* ASIHTTPRequestConfig.h */,
				291402C217C4607900DC4155 /* ASIHTTPRequestDelegate.h */,
				291402C317C4607900DC4155 /* ASIInputStream.h */,
				291402C417C4607900DC4155 /* ASIInputStream.m */,
				291402C517C4607900DC4155 /* ASINetworkQueue.h */,
				291402C617C4607900DC4155 /* ASINetworkQueue.m */,
				291402C717C4607900DC4155 /* ASIProgressDelegate.h */,
				291402C817C4607900DC4155 /* ASIWebPageRequest */,
				291402CB17C4607A00DC4155 /* CloudFiles */,
				291402DA17C4607A00DC4155 /* S3 */,
			);
			path = Classes;
			sourceTree = "<group>";
		};
		291402C817C4607900DC4155 /* ASIWebPageRequest */ = {
			isa = PBXGroup;
			children = (
				291402C917C4607A00DC4155 /* ASIWebPageRequest.h */,
				291402CA17C4607A00DC4155 /* ASIWebPageRequest.m */,
			);
			path = ASIWebPageRequest;
			sourceTree = "<group>";
		};
		291402CB17C4607A00DC4155 /* CloudFiles */ = {
			isa = PBXGroup;
			children = (
				291402CC17C4607A00DC4155 /* ASICloudFilesCDNRequest.h */,
				291402CD17C4607A00DC4155 /* ASICloudFilesCDNRequest.m */,
				291402CE17C4607A00DC4155 /* ASICloudFilesContainer.h */,
				291402CF17C4607A00DC4155 /* ASICloudFilesContainer.m */,
				291402D017C4607A00DC4155 /* ASICloudFilesContainerRequest.h */,
				291402D117C4607A00DC4155 /* ASICloudFilesContainerRequest.m */,
				291402D217C4607A00DC4155 /* ASICloudFilesContainerXMLParserDelegate.h */,
				291402D317C4607A00DC4155 /* ASICloudFilesContainerXMLParserDelegate.m */,
				291402D417C4607A00DC4155 /* ASICloudFilesObject.h */,
				291402D517C4607A00DC4155 /* ASICloudFilesObject.m */,
				291402D617C4607A00DC4155 /* ASICloudFilesObjectRequest.h */,
				291402D717C4607A00DC4155 /* ASICloudFilesObjectRequest.m */,
				291402D817C4607A00DC4155 /* ASICloudFilesRequest.h */,
				291402D917C4607A00DC4155 /* ASICloudFilesRequest.m */,
			);
			path = CloudFiles;
			sourceTree = "<group>";
		};
		291402DA17C4607A00DC4155 /* S3 */ = {
			isa = PBXGroup;
			children = (
				291402DB17C4607A00DC4155 /* ASINSXMLParserCompat.h */,
				291402DC17C4607A00DC4155 /* ASIS3Bucket.h */,
				291402DD17C4607A00DC4155 /* ASIS3Bucket.m */,
				291402DE17C4607A00DC4155 /* ASIS3BucketObject.h */,
				291402DF17C4607A00DC4155 /* ASIS3BucketObject.m */,
				291402E017C4607A00DC4155 /* ASIS3BucketRequest.h */,
				291402E117C4607A00DC4155 /* ASIS3BucketRequest.m */,
				291402E217C4607A00DC4155 /* ASIS3ObjectRequest.h */,
				291402E317C4607A00DC4155 /* ASIS3ObjectRequest.m */,
				291402E417C4607A00DC4155 /* ASIS3Request.h */,
				291402E517C4607A00DC4155 /* ASIS3Request.m */,
				291402E617C4607A00DC4155 /* ASIS3ServiceRequest.h */,
				291402E717C4607A00DC4155 /* ASIS3ServiceRequest.m */,
			);
			path = S3;
			sourceTree = "<group>";
		};
		2914030617C4607A00DC4155 /* External */ = {
			isa = PBXGroup;
			children = (
				2914030717C4607A00DC4155 /* GHUnit */,
				2914030917C4607A00DC4155 /* Reachability */,
			);
			path = External;
			sourceTree = "<group>";
		};
		2914030717C4607A00DC4155 /* GHUnit */ = {
			isa = PBXGroup;
			children = (
				2914030817C4607A00DC4155 /* README-GHUnit */,
			);
			path = GHUnit;
			sourceTree = "<group>";
		};
		2914030917C4607A00DC4155 /* Reachability */ = {
			isa = PBXGroup;
			children = (
				2914030A17C4607A00DC4155 /* Reachability.h */,
				2914030B17C4607A00DC4155 /* Reachability.m */,
			);
			path = Reachability;
			sourceTree = "<group>";
		};
/* End PBXGroup section */

/* Begin PBXHeadersBuildPhase section */
		2914029D17C4605200DC4155 /* Headers */ = {
			isa = PBXHeadersBuildPhase;
			buildActionMask = 2147483647;
			files = (
				2914033B17C4607A00DC4155 /* ASIS3ServiceRequest.h in Headers */,
				2914033317C4607A00DC4155 /* ASIS3BucketObject.h in Headers */,
				2914031917C4607A00DC4155 /* ASIHTTPRequestConfig.h in Headers */,
				2914033017C4607A00DC4155 /* ASINSXMLParserCompat.h in Headers */,
				2914031D17C4607A00DC4155 /* ASINetworkQueue.h in Headers */,
				2914033517C4607A00DC4155 /* ASIS3BucketRequest.h in Headers */,
				2914032217C4607A00DC4155 /* ASICloudFilesCDNRequest.h in Headers */,
				2914033717C4607A00DC4155 /* ASIS3ObjectRequest.h in Headers */,
				2914031B17C4607A00DC4155 /* ASIInputStream.h in Headers */,
				2914031517C4607A00DC4155 /* ASIFormDataRequest.h in Headers */,
				2914031117C4607A00DC4155 /* ASIDataDecompressor.h in Headers */,
				2914032C17C4607A00DC4155 /* ASICloudFilesObjectRequest.h in Headers */,
				2914030F17C4607A00DC4155 /* ASIDataCompressor.h in Headers */,
				2914032E17C4607A00DC4155 /* ASICloudFilesRequest.h in Headers */,
				2914032817C4607A00DC4155 /* ASICloudFilesContainerXMLParserDelegate.h in Headers */,
				2914031717C4607A00DC4155 /* ASIHTTPRequest.h in Headers */,
				2914035B17C4607A00DC4155 /* Reachability.h in Headers */,
				2914032617C4607A00DC4155 /* ASICloudFilesContainerRequest.h in Headers */,
				2914031317C4607A00DC4155 /* ASIDownloadCache.h in Headers */,
				2914031F17C4607A00DC4155 /* ASIProgressDelegate.h in Headers */,
				2914032417C4607A00DC4155 /* ASICloudFilesContainer.h in Headers */,
				2914032017C4607A00DC4155 /* ASIWebPageRequest.h in Headers */,
				2914030E17C4607A00DC4155 /* ASICacheDelegate.h in Headers */,
				2914031A17C4607A00DC4155 /* ASIHTTPRequestDelegate.h in Headers */,
				2914030C17C4607A00DC4155 /* ASIAuthenticationDialog.h in Headers */,
				2914033117C4607A00DC4155 /* ASIS3Bucket.h in Headers */,
				2914033917C4607A00DC4155 /* ASIS3Request.h in Headers */,
				2914032A17C4607A00DC4155 /* ASICloudFilesObject.h in Headers */,
			);
			runOnlyForDeploymentPostprocessing = 0;
		};
/* End PBXHeadersBuildPhase section */

/* Begin PBXNativeTarget section */
		2914029F17C4605200DC4155 /* ASIHTTPRequest */ = {
			isa = PBXNativeTarget;
			buildConfigurationList = 291402B017C4605200DC4155 /* Build configuration list for PBXNativeTarget "ASIHTTPRequest" */;
			buildPhases = (
				2914029B17C4605200DC4155 /* Sources */,
				2914029C17C4605200DC4155 /* Frameworks */,
				2914029D17C4605200DC4155 /* Headers */,
				2914029E17C4605200DC4155 /* Resources */,
			);
			buildRules = (
			);
			dependencies = (
			);
			name = ASIHTTPRequest;
			productName = ASIHTTPRequest;
			productReference = 291402A017C4605200DC4155 /* ASIHTTPRequest.framework */;
			productType = "com.apple.product-type.bundle";
		};
/* End PBXNativeTarget section */

/* Begin PBXProject section */
		2914029717C4605200DC4155 /* Project object */ = {
			isa = PBXProject;
			attributes = {
				LastUpgradeCheck = 0500;
				ORGANIZATIONNAME = shawnteng;
			};
			buildConfigurationList = 2914029A17C4605200DC4155 /* Build configuration list for PBXProject "ASIHTTPRequest" */;
			compatibilityVersion = "Xcode 3.2";
			developmentRegion = English;
			hasScannedForEncodings = 0;
			knownRegions = (
				en,
			);
			mainGroup = 2914029617C4605200DC4155;
			productRefGroup = 291402A117C4605200DC4155 /* Products */;
			projectDirPath = "";
			projectRoot = "";
			targets = (
				2914029F17C4605200DC4155 /* ASIHTTPRequest */,
			);
		};
/* End PBXProject section */

/* Begin PBXResourcesBuildPhase section */
		2914029E17C4605200DC4155 /* Resources */ = {
			isa = PBXResourcesBuildPhase;
			buildActionMask = 2147483647;
			files = (
				291402AC17C4605200DC4155 /* InfoPlist.strings in Resources */,
				2914035A17C4607A00DC4155 /* README-GHUnit in Resources */,
			);
			runOnlyForDeploymentPostprocessing = 0;
		};
/* End PBXResourcesBuildPhase section */

/* Begin PBXSourcesBuildPhase section */
		2914029B17C4605200DC4155 /* Sources */ = {
			isa = PBXSourcesBuildPhase;
			buildActionMask = 2147483647;
			files = (
				2914032D17C4607A00DC4155 /* ASICloudFilesObjectRequest.m in Sources */,
				2914033C17C4607A00DC4155 /* ASIS3ServiceRequest.m in Sources */,
				2914032F17C4607A00DC4155 /* ASICloudFilesRequest.m in Sources */,
				2914033617C4607A00DC4155 /* ASIS3BucketRequest.m in Sources */,
				2914035C17C4607A00DC4155 /* Reachability.m in Sources */,
				2914031E17C4607A00DC4155 /* ASINetworkQueue.m in Sources */,
				2914032717C4607A00DC4155 /* ASICloudFilesContainerRequest.m in Sources */,
				2914031617C4607A00DC4155 /* ASIFormDataRequest.m in Sources */,
				2914033817C4607A00DC4155 /* ASIS3ObjectRequest.m in Sources */,
				2914031017C4607A00DC4155 /* ASIDataCompressor.m in Sources */,
				2914032317C4607A00DC4155 /* ASICloudFilesCDNRequest.m in Sources */,
				2914030D17C4607A00DC4155 /* ASIAuthenticationDialog.m in Sources */,
				2914032117C4607A00DC4155 /* ASIWebPageRequest.m in Sources */,
				2914033217C4607A00DC4155 /* ASIS3Bucket.m in Sources */,
				2914031417C4607A00DC4155 /* ASIDownloadCache.m in Sources */,
				2914031217C4607A00DC4155 /* ASIDataDecompressor.m in Sources */,
				2914032517C4607A00DC4155 /* ASICloudFilesContainer.m in Sources */,
				2914031817C4607A00DC4155 /* ASIHTTPRequest.m in Sources */,
				2914031C17C4607A00DC4155 /* ASIInputStream.m in Sources */,
				2914032B17C4607A00DC4155 /* ASICloudFilesObject.m in Sources */,
				2914033417C4607A00DC4155 /* ASIS3BucketObject.m in Sources */,
				2914032917C4607A00DC4155 /* ASICloudFilesContainerXMLParserDelegate.m in Sources */,
				2914033A17C4607A00DC4155 /* ASIS3Request.m in Sources */,
			);
			runOnlyForDeploymentPostprocessing = 0;
		};
/* End PBXSourcesBuildPhase section */

/* Begin PBXVariantGroup section */
		291402AA17C4605200DC4155 /* InfoPlist.strings */ = {
			isa = PBXVariantGroup;
			children = (
				291402AB17C4605200DC4155 /* en */,
			);
			name = InfoPlist.strings;
			sourceTree = "<group>";
		};
/* End PBXVariantGroup section */

/* Begin XCBuildConfiguration section */
		291402AE17C4605200DC4155 /* Debug */ = {
			isa = XCBuildConfiguration;
			buildSettings = {
				ALWAYS_SEARCH_USER_PATHS = NO;
				CLANG_CXX_LANGUAGE_STANDARD = "gnu++0x";
				CLANG_CXX_LIBRARY = "libc++";
				CLANG_ENABLE_MODULES = YES;
				CLANG_ENABLE_OBJC_ARC = YES;
				CLANG_WARN_BOOL_CONVERSION = YES;
				CLANG_WARN_CONSTANT_CONVERSION = YES;
				CLANG_WARN_DIRECT_OBJC_ISA_USAGE = YES_ERROR;
				CLANG_WARN_EMPTY_BODY = YES;
				CLANG_WARN_ENUM_CONVERSION = YES;
				CLANG_WARN_INT_CONVERSION = YES;
				CLANG_WARN_OBJC_ROOT_CLASS = YES_ERROR;
				CLANG_WARN__DUPLICATE_METHOD_MATCH = YES;
				COPY_PHASE_STRIP = NO;
				GCC_C_LANGUAGE_STANDARD = gnu99;
				GCC_DYNAMIC_NO_PIC = NO;
				GCC_OPTIMIZATION_LEVEL = 0;
				GCC_PREPROCESSOR_DEFINITIONS = (
					"DEBUG=1",
					"$(inherited)",
				);
				GCC_SYMBOLS_PRIVATE_EXTERN = NO;
				GCC_WARN_ABOUT_RETURN_TYPE = YES_ERROR;
				GCC_WARN_UNDECLARED_SELECTOR = YES;
				GCC_WARN_UNINITIALIZED_AUTOS = YES;
				GCC_WARN_UNUSED_FUNCTION = YES;
				GCC_WARN_UNUSED_VARIABLE = YES;
				HEADER_SEARCH_PATHS = "${SDK_DIR}/usr/include/libxml2";
				IPHONEOS_DEPLOYMENT_TARGET = 6.0;
				ONLY_ACTIVE_ARCH = YES;
				SDKROOT = iphoneos;
				TARGETED_DEVICE_FAMILY = "1,2";
			};
			name = Debug;
		};
		291402AF17C4605200DC4155 /* Release */ = {
			isa = XCBuildConfiguration;
			buildSettings = {
				ALWAYS_SEARCH_USER_PATHS = NO;
				CLANG_CXX_LANGUAGE_STANDARD = "gnu++0x";
				CLANG_CXX_LIBRARY = "libc++";
				CLANG_ENABLE_MODULES = YES;
				CLANG_ENABLE_OBJC_ARC = YES;
				CLANG_WARN_BOOL_CONVERSION = YES;
				CLANG_WARN_CONSTANT_CONVERSION = YES;
				CLANG_WARN_DIRECT_OBJC_ISA_USAGE = YES_ERROR;
				CLANG_WARN_EMPTY_BODY = YES;
				CLANG_WARN_ENUM_CONVERSION = YES;
				CLANG_WARN_INT_CONVERSION = YES;
				CLANG_WARN_OBJC_ROOT_CLASS = YES_ERROR;
				CLANG_WARN__DUPLICATE_METHOD_MATCH = YES;
				COPY_PHASE_STRIP = YES;
				ENABLE_NS_ASSERTIONS = NO;
				GCC_C_LANGUAGE_STANDARD = gnu99;
				GCC_WARN_ABOUT_RETURN_TYPE = YES_ERROR;
				GCC_WARN_UNDECLARED_SELECTOR = YES;
				GCC_WARN_UNINITIALIZED_AUTOS = YES;
				GCC_WARN_UNUSED_FUNCTION = YES;
				GCC_WARN_UNUSED_VARIABLE = YES;
				HEADER_SEARCH_PATHS = "${SDK_DIR}/usr/include/libxml2";
				IPHONEOS_DEPLOYMENT_TARGET = 6.0;
				SDKROOT = iphoneos;
				TARGETED_DEVICE_FAMILY = "1,2";
				VALIDATE_PRODUCT = YES;
			};
			name = Release;
		};
		291402B117C4605200DC4155 /* Debug */ = {
			isa = XCBuildConfiguration;
			buildSettings = {
				CONTENTS_FOLDER_PATH = "$(WRAPPER_NAME)";
				DEAD_CODE_STRIPPING = NO;
				GCC_PRECOMPILE_PREFIX_HEADER = YES;
				GCC_PREFIX_HEADER = "ASIHTTPRequest/ASIHTTPRequest-Prefix.pch";
				INFOPLIST_FILE = "ASIHTTPRequest/ASIHTTPRequest-Info.plist";
				INFOPLIST_PATH = "$(UNLOCALIZED_RESOURCES_FOLDER_PATH)/Info.plist";
				INSTALL_PATH = "$(BUILT_PRODUCTS_DIR)";
				IPHONEOS_DEPLOYMENT_TARGET = 6.0;
				LINK_WITH_STANDARD_LIBRARIES = NO;
				MACH_O_TYPE = mh_object;
				PRIVATE_HEADERS_FOLDER_PATH = "$(WRAPPER_NAME)/PrivateHeaders";
				PRODUCT_NAME = "$(TARGET_NAME)";
				PUBLIC_HEADERS_FOLDER_PATH = "$(WRAPPER_NAME)/Headers";
				SKIP_INSTALL = YES;
				UNLOCALIZED_RESOURCES_FOLDER_PATH = "$(CONTENTS_FOLDER_PATH)/Resources";
				WRAPPER_EXTENSION = framework;
			};
			name = Debug;
		};
		291402B217C4605200DC4155 /* Release */ = {
			isa = XCBuildConfiguration;
			buildSettings = {
				CONTENTS_FOLDER_PATH = "$(WRAPPER_NAME)";
				DEAD_CODE_STRIPPING = NO;
				GCC_PRECOMPILE_PREFIX_HEADER = YES;
				GCC_PREFIX_HEADER = "ASIHTTPRequest/ASIHTTPRequest-Prefix.pch";
				INFOPLIST_FILE = "ASIHTTPRequest/ASIHTTPRequest-Info.plist";
				INFOPLIST_PATH = "$(UNLOCALIZED_RESOURCES_FOLDER_PATH)/Info.plist";
				INSTALL_PATH = "$(BUILT_PRODUCTS_DIR)";
				IPHONEOS_DEPLOYMENT_TARGET = 6.0;
				LINK_WITH_STANDARD_LIBRARIES = NO;
				MACH_O_TYPE = mh_object;
				PRIVATE_HEADERS_FOLDER_PATH = "$(WRAPPER_NAME)/PrivateHeaders";
				PRODUCT_NAME = "$(TARGET_NAME)";
				PUBLIC_HEADERS_FOLDER_PATH = "$(WRAPPER_NAME)/Headers";
				SKIP_INSTALL = YES;
				UNLOCALIZED_RESOURCES_FOLDER_PATH = "$(CONTENTS_FOLDER_PATH)/Resources";
				WRAPPER_EXTENSION = framework;
			};
			name = Release;
		};
/* End XCBuildConfiguration section */

/* Begin XCConfigurationList section */
		2914029A17C4605200DC4155 /* Build configuration list for PBXProject "ASIHTTPRequest" */ = {
			isa = XCConfigurationList;
			buildConfigurations = (
				291402AE17C4605200DC4155 /* Debug */,
				291402AF17C4605200DC4155 /* Release */,
			);
			defaultConfigurationIsVisible = 0;
			defaultConfigurationName = Release;
		};
		291402B017C4605200DC4155 /* Build configuration list for PBXNativeTarget "ASIHTTPRequest" */ = {
			isa = XCConfigurationList;
			buildConfigurations = (
				291402B117C4605200DC4155 /* Debug */,
				291402B217C4605200DC4155 /* Release */,
			);
			defaultConfigurationIsVisible = 0;
			defaultConfigurationName = Release;
		};
/* End XCConfigurationList section */
	};
	rootObject = 2914029717C4605200DC4155 /* Project object */;
}
